
Microsoft Visual Studio Solution File, Format Version 12.00
# Visual Studio Version 17
VisualStudioVersion = 17.3.32825.248
MinimumVisualStudioVersion = 10.0.40219.1
Project("{FAE04EC0-301F-11D3-BF4B-00C04F79EFBC}") = "Пятнашки", "Пятнашки.csproj", "{784CB557-929D-49CC-8B0F-3F4E0ABA567D}"
EndProject
Global
	GlobalSection(SolutionConfigurationPlatforms) = preSolution
		Debug|Any CPU = Debug|Any CPU
		Release|Any CPU = Release|Any CPU
	EndGlobalSection
	GlobalSection(ProjectConfigurationPlatforms) = postSolution
		{784CB557-929D-49CC-8B0F-3F4E0ABA567D}.Debug|Any CPU.ActiveCfg = Debug|Any CPU
		{784CB557-929D-49CC-8B0F-3F4E0ABA567D}.Debug|Any CPU.Build.0 = Debug|Any CPU
		{784CB557-929D-49CC-8B0F-3F4E0ABA567D}.Release|Any CPU.ActiveCfg = Release|Any CPU
		{784CB557-929D-49CC-8B0F-3F4E0ABA567D}.Release|Any CPU.Build.0 = Release|Any CPU
	EndGlobalSection
	GlobalSection(SolutionProperties) = preSolution
		HideSolutionNode = FALSE
	EndGlobalSection
	GlobalSection(ExtensibilityGlobals) = postSolution
		SolutionGuid = {A2DFB840-5FFC-4A99-8203-763B9C1119A5}
	EndGlobalSection
EndGlobal
